
Microsoft Visual Studio Solution File, Format Version 12.00
# Visual Studio Version 16
VisualStudioVersion = 16.0.33328.57
MinimumVisualStudioVersion = 10.0.40219.1
Project("{FAE04EC0-301F-11D3-BF4B-00C04F79EFBC}") = "IfElse", "IfElse\IfElse.csproj", "{41B1A741-E7E7-4D0A-B54D-2D13B72CFB0B}"
EndProject
Project("{FAE04EC0-301F-11D3-BF4B-00C04F79EFBC}") = "IfIf", "IfIf\IfIf.csproj", "{BA7E0002-F21E-4438-BF4E-42802675A5F8}"
EndProject
Project("{FAE04EC0-301F-11D3-BF4B-00C04F79EFBC}") = "p151_ex2", "p151_ex2\p151_ex2.csproj", "{90413A2F-6DD4-4338-8750-8287E4062A2B}"
EndProject
Project("{FAE04EC0-301F-11D3-BF4B-00C04F79EFBC}") = "p151_ex3", "p151_ex3\p151_ex3.csproj", "{44CC51D1-E79C-4D12-9999-85188AB86162}"
EndProject
Project("{FAE04EC0-301F-11D3-BF4B-00C04F79EFBC}") = "p151_ex4", "p151_ex4\p151_ex4.csproj", "{4B818A8A-AEA1-4875-A691-6FD4167B1D31}"
EndProject
Project("{FAE04EC0-301F-11D3-BF4B-00C04F79EFBC}") = "Switch", "Switch\Switch.csproj", "{430FD39E-CA90-4D04-8449-C5DFA1FDFA18}"
EndProject
Project("{FAE04EC0-301F-11D3-BF4B-00C04F79EFBC}") = "p161_ex2", "p161_ex2\p161_ex2.csproj", "{460DC3CF-DD84-4B8E-87BC-28481CD02239}"
EndProject
Project("{FAE04EC0-301F-11D3-BF4B-00C04F79EFBC}") = "p161_ex3", "p161_ex3\p161_ex3.csproj", "{7F7185EA-CBF2-470D-814B-3D2B793BAF88}"
EndProject
Project("{FAE04EC0-301F-11D3-BF4B-00C04F79EFBC}") = "p161_ex4", "p161_ex4\p161_ex4.csproj", "{488DA46E-ED49-4C02-8D34-D34152CFD1D4}"
EndProject
Project("{FAE04EC0-301F-11D3-BF4B-00C04F79EFBC}") = "While", "While\While.csproj", "{CE0DF28B-0452-4CB5-867A-9510097641A3}"
EndProject
Project("{FAE04EC0-301F-11D3-BF4B-00C04F79EFBC}") = "Do_While", "Do_While\Do_While.csproj", "{F908A31A-8FAA-4870-9B9E-3F928D092A20}"
EndProject
Project("{FAE04EC0-301F-11D3-BF4B-00C04F79EFBC}") = "For", "For\For.csproj", "{A7BD741E-32C4-48F7-9CAE-0CF16BA668DF}"
EndProject
Project("{FAE04EC0-301F-11D3-BF4B-00C04F79EFBC}") = "ForFor", "ForFor\ForFor.csproj", "{9A0F6308-E24D-4C4F-B73B-03F55678DBAB}"
EndProject
Project("{FAE04EC0-301F-11D3-BF4B-00C04F79EFBC}") = "p151_ex5", "p151_ex5\p151_ex5.csproj", "{62491CFC-277A-4B0D-A3C1-BE35C264469F}"
EndProject
Global
	GlobalSection(SolutionConfigurationPlatforms) = preSolution
		Debug|Any CPU = Debug|Any CPU
		Release|Any CPU = Release|Any CPU
	EndGlobalSection
	GlobalSection(ProjectConfigurationPlatforms) = postSolution
		{41B1A741-E7E7-4D0A-B54D-2D13B72CFB0B}.Debug|Any CPU.ActiveCfg = Debug|Any CPU
		{41B1A741-E7E7-4D0A-B54D-2D13B72CFB0B}.Debug|Any CPU.Build.0 = Debug|Any CPU
		{41B1A741-E7E7-4D0A-B54D-2D13B72CFB0B}.Release|Any CPU.ActiveCfg = Release|Any CPU
		{41B1A741-E7E7-4D0A-B54D-2D13B72CFB0B}.Release|Any CPU.Build.0 = Release|Any CPU
		{BA7E0002-F21E-4438-BF4E-42802675A5F8}.Debug|Any CPU.ActiveCfg = Debug|Any CPU
		{BA7E0002-F21E-4438-BF4E-42802675A5F8}.Debug|Any CPU.Build.0 = Debug|Any CPU
		{BA7E0002-F21E-4438-BF4E-42802675A5F8}.Release|Any CPU.ActiveCfg = Release|Any CPU
		{BA7E0002-F21E-4438-BF4E-42802675A5F8}.Release|Any CPU.Build.0 = Release|Any CPU
		{90413A2F-6DD4-4338-8750-8287E4062A2B}.Debug|Any CPU.ActiveCfg = Debug|Any CPU
		{90413A2F-6DD4-4338-8750-8287E4062A2B}.Debug|Any CPU.Build.0 = Debug|Any CPU
		{90413A2F-6DD4-4338-8750-8287E4062A2B}.Release|Any CPU.ActiveCfg = Release|Any CPU
		{90413A2F-6DD4-4338-8750-8287E4062A2B}.Release|Any CPU.Build.0 = Release|Any CPU
		{44CC51D1-E79C-4D12-9999-85188AB86162}.Debug|Any CPU.ActiveCfg = Debug|Any CPU
		{44CC51D1-E79C-4D12-9999-85188AB86162}.Debug|Any CPU.Build.0 = Debug|Any CPU
		{44CC51D1-E79C-4D12-9999-85188AB86162}.Release|Any CPU.ActiveCfg = Release|Any CPU
		{44CC51D1-E79C-4D12-9999-85188AB86162}.Release|Any CPU.Build.0 = Release|Any CPU
		{4B818A8A-AEA1-4875-A691-6FD4167B1D31}.Debug|Any CPU.ActiveCfg = Debug|Any CPU
		{4B818A8A-AEA1-4875-A691-6FD4167B1D31}.Debug|Any CPU.Build.0 = Debug|Any CPU
		{4B818A8A-AEA1-4875-A691-6FD4167B1D31}.Release|Any CPU.ActiveCfg = Release|Any CPU
		{4B818A8A-AEA1-4875-A691-6FD4167B1D31}.Release|Any CPU.Build.0 = Release|Any CPU
		{430FD39E-CA90-4D04-8449-C5DFA1FDFA18}.Debug|Any CPU.ActiveCfg = Debug|Any CPU
		{430FD39E-CA90-4D04-8449-C5DFA1FDFA18}.Debug|Any CPU.Build.0 = Debug|Any CPU
		{430FD39E-CA90-4D04-8449-C5DFA1FDFA18}.Release|Any CPU.ActiveCfg = Release|Any CPU
		{430FD39E-CA90-4D04-8449-C5DFA1FDFA18}.Release|Any CPU.Build.0 = Release|Any CPU
		{460DC3CF-DD84-4B8E-87BC-28481CD02239}.Debug|Any CPU.ActiveCfg = Debug|Any CPU
		{460DC3CF-DD84-4B8E-87BC-28481CD02239}.Debug|Any CPU.Build.0 = Debug|Any CPU
		{460DC3CF-DD84-4B8E-87BC-28481CD02239}.Release|Any CPU.ActiveCfg = Release|Any CPU
		{460DC3CF-DD84-4B8E-87BC-28481CD02239}.Release|Any CPU.Build.0 = Release|Any CPU
		{7F7185EA-CBF2-470D-814B-3D2B793BAF88}.Debug|Any CPU.ActiveCfg = Debug|Any CPU
		{7F7185EA-CBF2-470D-814B-3D2B793BAF88}.Debug|Any CPU.Build.0 = Debug|Any CPU
		{7F7185EA-CBF2-470D-814B-3D2B793BAF88}.Release|Any CPU.ActiveCfg = Release|Any CPU
		{7F7185EA-CBF2-470D-814B-3D2B793BAF88}.Release|Any CPU.Build.0 = Release|Any CPU
		{488DA46E-ED49-4C02-8D34-D34152CFD1D4}.Debug|Any CPU.ActiveCfg = Debug|Any CPU
		{488DA46E-ED49-4C02-8D34-D34152CFD1D4}.Debug|Any CPU.Build.0 = Debug|Any CPU
		{488DA46E-ED49-4C02-8D34-D34152CFD1D4}.Release|Any CPU.ActiveCfg = Release|Any CPU
		{488DA46E-ED49-4C02-8D34-D34152CFD1D4}.Release|Any CPU.Build.0 = Release|Any CPU
		{CE0DF28B-0452-4CB5-867A-9510097641A3}.Debug|Any CPU.ActiveCfg = Debug|Any CPU
		{CE0DF28B-0452-4CB5-867A-9510097641A3}.Debug|Any CPU.Build.0 = Debug|Any CPU
		{CE0DF28B-0452-4CB5-867A-9510097641A3}.Release|Any CPU.ActiveCfg = Release|Any CPU
		{CE0DF28B-0452-4CB5-867A-9510097641A3}.Release|Any CPU.Build.0 = Release|Any CPU
		{F908A31A-8FAA-4870-9B9E-3F928D092A20}.Debug|Any CPU.ActiveCfg = Debug|Any CPU
		{F908A31A-8FAA-4870-9B9E-3F928D092A20}.Debug|Any CPU.Build.0 = Debug|Any CPU
		{F908A31A-8FAA-4870-9B9E-3F928D092A20}.Release|Any CPU.ActiveCfg = Release|Any CPU
		{F908A31A-8FAA-4870-9B9E-3F928D092A20}.Release|Any CPU.Build.0 = Release|Any CPU
		{A7BD741E-32C4-48F7-9CAE-0CF16BA668DF}.Debug|Any CPU.ActiveCfg = Debug|Any CPU
		{A7BD741E-32C4-48F7-9CAE-0CF16BA668DF}.Debug|Any CPU.Build.0 = Debug|Any CPU
		{A7BD741E-32C4-48F7-9CAE-0CF16BA668DF}.Release|Any CPU.ActiveCfg = Release|Any CPU
		{A7BD741E-32C4-48F7-9CAE-0CF16BA668DF}.Release|Any CPU.Build.0 = Release|Any CPU
		{9A0F6308-E24D-4C4F-B73B-03F55678DBAB}.Debug|Any CPU.ActiveCfg = Debug|Any CPU
		{9A0F6308-E24D-4C4F-B73B-03F55678DBAB}.Debug|Any CPU.Build.0 = Debug|Any CPU
		{9A0F6308-E24D-4C4F-B73B-03F55678DBAB}.Release|Any CPU.ActiveCfg = Release|Any CPU
		{9A0F6308-E24D-4C4F-B73B-03F55678DBAB}.Release|Any CPU.Build.0 = Release|Any CPU
		{62491CFC-277A-4B0D-A3C1-BE35C264469F}.Debug|Any CPU.ActiveCfg = Debug|Any CPU
		{62491CFC-277A-4B0D-A3C1-BE35C264469F}.Debug|Any CPU.Build.0 = Debug|Any CPU
		{62491CFC-277A-4B0D-A3C1-BE35C264469F}.Release|Any CPU.ActiveCfg = Release|Any CPU
		{62491CFC-277A-4B0D-A3C1-BE35C264469F}.Release|Any CPU.Build.0 = Release|Any CPU
	EndGlobalSection
	GlobalSection(SolutionProperties) = preSolution
		HideSolutionNode = FALSE
	EndGlobalSection
	GlobalSection(ExtensibilityGlobals) = postSolution
		SolutionGuid = {259FBCA7-5D30-4E7B-ABDE-4D69424475F3}
	EndGlobalSection
EndGlobal
